// !$*UTF8*$!
{
	archiveVersion = 1;
	classes = {
	};
	objectVersion = 56;
	objects = {

/* Begin PBXBuildFile section */
		20A2FCED2B3600D2007ACA87 /* swiftui_fundApp.swift in Sources */ = {isa = PBXBuildFile; fileRef = 20A2FCEC2B3600D2007ACA87 /* swiftui_fundApp.swift */; };
		20A2FCEF2B3600D2007ACA87 /* ContentView.swift in Sources */ = {isa = PBXBuildFile; fileRef = 20A2FCEE2B3600D2007ACA87 /* ContentView.swift */; };
		20A2FCF12B3600D3007ACA87 /* Assets.xcassets in Resources */ = {isa = PBXBuildFile; fileRef = 20A2FCF02B3600D3007ACA87 /* Assets.xcassets */; };
		20A2FCF42B3600D3007ACA87 /* Preview Assets.xcassets in Resources */ = {isa = PBXBuildFile; fileRef = 20A2FCF32B3600D3007ACA87 /* Preview Assets.xcassets */; };
		20EEEABC2B39EF97008981B2 /* circle.swift in Sources */ = {isa = PBXBuildFile; fileRef = 20EEEABB2B39EF97008981B2 /* circle.swift */; };
		20EEEABE2B39F1FE008981B2 /* colorsbootcamp.swift in Sources */ = {isa = PBXBuildFile; fileRef = 20EEEABD2B39F1FE008981B2 /* colorsbootcamp.swift */; };
		20EEEAC32B3B5ADA008981B2 /* grediantbootcamp.swift in Sources */ = {isa = PBXBuildFile; fileRef = 20EEEAC22B3B5ADA008981B2 /* grediantbootcamp.swift */; };
/* End PBXBuildFile section */

/* Begin PBXFileReference section */
		20A2FCE92B3600D2007ACA87 /* swiftui_fund.app */ = {isa = PBXFileReference; explicitFileType = wrapper.application; includeInIndex = 0; path = swiftui_fund.app; sourceTree = BUILT_PRODUCTS_DIR; };
		20A2FCEC2B3600D2007ACA87 /* swiftui_fundApp.swift */ = {isa = PBXFileReference; lastKnownFileType = sourcecode.swift; path = swiftui_fundApp.swift; sourceTree = "<group>"; };
		20A2FCEE2B3600D2007ACA87 /* ContentView.swift */ = {isa = PBXFileReference; lastKnownFileType = sourcecode.swift; path = ContentView.swift; sourceTree = "<group>"; };
		20A2FCF02B3600D3007ACA87 /* Assets.xcassets */ = {isa = PBXFileReference; lastKnownFileType = folder.assetcatalog; path = Assets.xcassets; sourceTree = "<group>"; };
		20A2FCF32B3600D3007ACA87 /* Preview Assets.xcassets */ = {isa = PBXFileReference; lastKnownFileType = folder.assetcatalog; path = "Preview Assets.xcassets"; sourceTree = "<group>"; };
		20EEEABB2B39EF97008981B2 /* circle.swift */ = {isa = PBXFileReference; lastKnownFileType = sourcecode.swift; path = circle.swift; sourceTree = "<group>"; };
		20EEEABD2B39F1FE008981B2 /* colorsbootcamp.swift */ = {isa = PBXFileReference; lastKnownFileType = sourcecode.swift; path = colorsbootcamp.swift; sourceTree = "<group>"; };
		20EEEAC22B3B5ADA008981B2 /* grediantbootcamp.swift */ = {isa = PBXFileReference; lastKnownFileType = sourcecode.swift; path = grediantbootcamp.swift; sourceTree = "<group>"; };
/* End PBXFileReference section */

/* Begin PBXFrameworksBuildPhase section */
		20A2FCE62B3600D2007ACA87 /* Frameworks */ = {
			isa = PBXFrameworksBuildPhase;
			buildActionMask = 2147483647;
			files = (
			);
			runOnlyForDeploymentPostprocessing = 0;
		};
/* End PBXFrameworksBuildPhase section */

/* Begin PBXGroup section */
		20A2FCE02B3600D2007ACA87 = {
			isa = PBXGroup;
			children = (
				20A2FCEB2B3600D2007ACA87 /* swiftui_fund */,
				20A2FCEA2B3600D2007ACA87 /* Products */,
			);
			sourceTree = "<group>";
		};
		20A2FCEA2B3600D2007ACA87 /* Products */ = {
			isa = PBXGroup;
			children = (
				20A2FCE92B3600D2007ACA87 /* swiftui_fund.app */,
			);
			name = Products;
			sourceTree = "<group>";
		};
		20A2FCEB2B3600D2007ACA87 /* swiftui_fund */ = {
			isa = PBXGroup;
			children = (
				20A2FCEC2B3600D2007ACA87 /* swiftui_fundApp.swift */,
				20EEEABB2B39EF97008981B2 /* circle.swift */,
				20EEEABD2B39F1FE008981B2 /* colorsbootcamp.swift */,
				20EEEAC22B3B5ADA008981B2 /* grediantbootcamp.swift */,
				20A2FCEE2B3600D2007ACA87 /* ContentView.swift */,
				20A2FCF02B3600D3007ACA87 /* Assets.xcassets */,
				20A2FCF22B3600D3007ACA87 /* Preview Content */,
			);
			path = swiftui_fund;
			sourceTree = "<group>";
		};
		20A2FCF22B3600D3007ACA87 /* Preview Content */ = {
			isa = PBXGroup;
			children = (
				20A2FCF32B3600D3007ACA87 /* Preview Assets.xcassets */,
			);
			path = "Preview Content";
			sourceTree = "<group>";
		};
/* End PBXGroup section */

/* Begin PBXNativeTarget section */
		20A2FCE82B3600D2007ACA87 /* swiftui_fund */ = {
			isa = PBXNativeTarget;
			buildConfigurationList = 20A2FCF72B3600D3007ACA87 /* Build configuration list for PBXNativeTarget "swiftui_fund" */;
			buildPhases = (
				20A2FCE52B3600D2007ACA87 /* Sources */,
				20A2FCE62B3600D2007ACA87 /* Frameworks */,
				20A2FCE72B3600D2007ACA87 /* Resources */,
			);
			buildRules = (
			);
			dependencies = (
			);
			name = swiftui_fund;
			productName = swiftui_fund;
			productReference = 20A2FCE92B3600D2007ACA87 /* swiftui_fund.app */;
			productType = "com.apple.product-type.application";
		};
/* End PBXNativeTarget section */

/* Begin PBXProject section */
		20A2FCE12B3600D2007ACA87 /* Project object */ = {
			isa = PBXProject;
			attributes = {
				BuildIndependentTargetsInParallel = 1;
				LastSwiftUpdateCheck = 1510;
				LastUpgradeCheck = 1510;
				TargetAttributes = {
					20A2FCE82B3600D2007ACA87 = {
						CreatedOnToolsVersion = 15.1;
					};
				};
			};
			buildConfigurationList = 20A2FCE42B3600D2007ACA87 /* Build configuration list for PBXProject "swiftui_fund" */;
			compatibilityVersion = "Xcode 14.0";
			developmentRegion = en;
			hasScannedForEncodings = 0;
			knownRegions = (
				en,
				Base,
			);
			mainGroup = 20A2FCE02B3600D2007ACA87;
			productRefGroup = 20A2FCEA2B3600D2007ACA87 /* Products */;
			projectDirPath = "";
			projectRoot = "";
			targets = (
				20A2FCE82B3600D2007ACA87 /* swiftui_fund */,
			);
		};
/* End PBXProject section */

/* Begin PBXResourcesBuildPhase section */
		20A2FCE72B3600D2007ACA87 /* Resources */ = {
			isa = PBXResourcesBuildPhase;
			buildActionMask = 2147483647;
			files = (
				20A2FCF42B3600D3007ACA87 /* Preview Assets.xcassets in Resources */,
				20A2FCF12B3600D3007ACA87 /* Assets.xcassets in Resources */,
			);
			runOnlyForDeploymentPostprocessing = 0;
		};
/* End PBXResourcesBuildPhase section */

/* Begin PBXSourcesBuildPhase section */
		20A2FCE52B3600D2007ACA87 /* Sources */ = {
			isa = PBXSourcesBuildPhase;
			buildActionMask = 2147483647;
			files = (
				20EEEAC32B3B5ADA008981B2 /* grediantbootcamp.swift in Sources */,
				20EEEABC2B39EF97008981B2 /* circle.swift in Sources */,
				20A2FCEF2B3600D2007ACA87 /* ContentView.swift in Sources */,
				20EEEABE2B39F1FE008981B2 /* colorsbootcamp.swift in Sources */,
				20A2FCED2B3600D2007ACA87 /* swiftui_fundApp.swift in Sources */,
			);
			runOnlyForDeploymentPostprocessing = 0;
		};
/* End PBXSourcesBuildPhase section */

/* Begin XCBuildConfiguration section */
		20A2FCF52B3600D3007ACA87 /* Debug */ = {
			isa = XCBuildConfiguration;
			buildSettings = {
				ALWAYS_SEARCH_USER_PATHS = NO;
				ASSETCATALOG_COMPILER_GENERATE_SWIFT_ASSET_SYMBOL_EXTENSIONS = YES;
				CLANG_ANALYZER_NONNULL = YES;
				CLANG_ANALYZER_NUMBER_OBJECT_CONVERSION = YES_AGGRESSIVE;
				CLANG_CXX_LANGUAGE_STANDARD = "gnu++20";
				CLANG_ENABLE_MODULES = YES;
				CLANG_ENABLE_OBJC_ARC = YES;
				CLANG_ENABLE_OBJC_WEAK = YES;
				CLANG_WARN_BLOCK_CAPTURE_AUTORELEASING = YES;
				CLANG_WARN_BOOL_CONVERSION = YES;
				CLANG_WARN_COMMA = YES;
				CLANG_WARN_CONSTANT_CONVERSION = YES;
				CLANG_WARN_DEPRECATED_OBJC_IMPLEMENTATIONS = YES;
				CLANG_WARN_DIRECT_OBJC_ISA_USAGE = YES_ERROR;
				CLANG_WARN_DOCUMENTATION_COMMENTS = YES;
				CLANG_WARN_EMPTY_BODY = YES;
				CLANG_WARN_ENUM_CONVERSION = YES;
				CLANG_WARN_INFINITE_RECURSION = YES;
				CLANG_WARN_INT_CONVERSION = YES;
				CLANG_WARN_NON_LITERAL_NULL_CONVERSION = YES;
				CLANG_WARN_OBJC_IMPLICIT_RETAIN_SELF = YES;
				CLANG_WARN_OBJC_LITERAL_CONVERSION = YES;
				CLANG_WARN_OBJC_ROOT_CLASS = YES_ERROR;
				CLANG_WARN_QUOTED_INCLUDE_IN_FRAMEWORK_HEADER = YES;
				CLANG_WARN_RANGE_LOOP_ANALYSIS = YES;
				CLANG_WARN_STRICT_PROTOTYPES = YES;
				CLANG_WARN_SUSPICIOUS_MOVE = YES;
				CLANG_WARN_UNGUARDED_AVAILABILITY = YES_AGGRESSIVE;
				CLANG_WARN_UNREACHABLE_CODE = YES;
				CLANG_WARN__DUPLICATE_METHOD_MATCH = YES;
				COPY_PHASE_STRIP = NO;
				DEBUG_INFORMATION_FORMAT = dwarf;
				ENABLE_STRICT_OBJC_MSGSEND = YES;
				ENABLE_TESTABILITY = YES;
				ENABLE_USER_SCRIPT_SANDBOXING = YES;
				GCC_C_LANGUAGE_STANDARD = gnu17;
				GCC_DYNAMIC_NO_PIC = NO;
				GCC_NO_COMMON_BLOCKS = YES;
				GCC_OPTIMIZATION_LEVEL = 0;
				GCC_PREPROCESSOR_DEFINITIONS = (
					"DEBUG=1",
					"$(inherited)",
				);
				GCC_WARN_64_TO_32_BIT_CONVERSION = YES;
				GCC_WARN_ABOUT_RETURN_TYPE = YES_ERROR;
				GCC_WARN_UNDECLARED_SELECTOR = YES;
				GCC_WARN_UNINITIALIZED_AUTOS = YES_AGGRESSIVE;
				GCC_WARN_UNUSED_FUNCTION = YES;
				GCC_WARN_UNUSED_VARIABLE = YES;
				IPHONEOS_DEPLOYMENT_TARGET = 17.2;
				LOCALIZATION_PREFERS_STRING_CATALOGS = YES;
				MTL_ENABLE_DEBUG_INFO = INCLUDE_SOURCE;
				MTL_FAST_MATH = YES;
				ONLY_ACTIVE_ARCH = YES;
				SDKROOT = iphoneos;
				SWIFT_ACTIVE_COMPILATION_CONDITIONS = "DEBUG $(inherited)";
				SWIFT_OPTIMIZATION_LEVEL = "-Onone";
			};
			name = Debug;
		};
		20A2FCF62B3600D3007ACA87 /* Release */ = {
			isa = XCBuildConfiguration;
			buildSettings = {
				ALWAYS_SEARCH_USER_PATHS = NO;
				ASSETCATALOG_COMPILER_GENERATE_SWIFT_ASSET_SYMBOL_EXTENSIONS = YES;
				CLANG_ANALYZER_NONNULL = YES;
				CLANG_ANALYZER_NUMBER_OBJECT_CONVERSION = YES_AGGRESSIVE;
				CLANG_CXX_LANGUAGE_STANDARD = "gnu++20";
				CLANG_ENABLE_MODULES = YES;
				CLANG_ENABLE_OBJC_ARC = YES;
				CLANG_ENABLE_OBJC_WEAK = YES;
				CLANG_WARN_BLOCK_CAPTURE_AUTORELEASING = YES;
				CLANG_WARN_BOOL_CONVERSION = YES;
				CLANG_WARN_COMMA = YES;
				CLANG_WARN_CONSTANT_CONVERSION = YES;
				CLANG_WARN_DEPRECATED_OBJC_IMPLEMENTATIONS = YES;
				CLANG_WARN_DIRECT_OBJC_ISA_USAGE = YES_ERROR;
				CLANG_WARN_DOCUMENTATION_COMMENTS = YES;
				CLANG_WARN_EMPTY_BODY = YES;
				CLANG_WARN_ENUM_CONVERSION = YES;
				CLANG_WARN_INFINITE_RECURSION = YES;
				CLANG_WARN_INT_CONVERSION = YES;
				CLANG_WARN_NON_LITERAL_NULL_CONVERSION = YES;
				CLANG_WARN_OBJC_IMPLICIT_RETAIN_SELF = YES;
				CLANG_WARN_OBJC_LITERAL_CONVERSION = YES;
				CLANG_WARN_OBJC_ROOT_CLASS = YES_ERROR;
				CLANG_WARN_QUOTED_INCLUDE_IN_FRAMEWORK_HEADER = YES;
				CLANG_WARN_RANGE_LOOP_ANALYSIS = YES;
				CLANG_WARN_STRICT_PROTOTYPES = YES;
				CLANG_WARN_SUSPICIOUS_MOVE = YES;
				CLANG_WARN_UNGUARDED_AVAILABILITY = YES_AGGRESSIVE;
				CLANG_WARN_UNREACHABLE_CODE = YES;
				CLANG_WARN__DUPLICATE_METHOD_MATCH = YES;
				COPY_PHASE_STRIP = NO;
				DEBUG_INFORMATION_FORMAT = "dwarf-with-dsym";
				ENABLE_NS_ASSERTIONS = NO;
				ENABLE_STRICT_OBJC_MSGSEND = YES;
				ENABLE_USER_SCRIPT_SANDBOXING = YES;
				GCC_C_LANGUAGE_STANDARD = gnu17;
				GCC_NO_COMMON_BLOCKS = YES;
				GCC_WARN_64_TO_32_BIT_CONVERSION = YES;
				GCC_WARN_ABOUT_RETURN_TYPE = YES_ERROR;
				GCC_WARN_UNDECLARED_SELECTOR = YES;
				GCC_WARN_UNINITIALIZED_AUTOS = YES_AGGRESSIVE;
				GCC_WARN_UNUSED_FUNCTION = YES;
				GCC_WARN_UNUSED_VARIABLE = YES;
				IPHONEOS_DEPLOYMENT_TARGET = 17.2;
				LOCALIZATION_PREFERS_STRING_CATALOGS = YES;
				MTL_ENABLE_DEBUG_INFO = NO;
				MTL_FAST_MATH = YES;
				SDKROOT = iphoneos;
				SWIFT_COMPILATION_MODE = wholemodule;
				VALIDATE_PRODUCT = YES;
			};
			name = Release;
		};
		20A2FCF82B3600D3007ACA87 /* Debug */ = {
			isa = XCBuildConfiguration;
			buildSettings = {
				ASSETCATALOG_COMPILER_APPICON_NAME = AppIcon;
				ASSETCATALOG_COMPILER_GLOBAL_ACCENT_COLOR_NAME = AccentColor;
				CODE_SIGN_STYLE = Automatic;
				CURRENT_PROJECT_VERSION = 1;
				DEVELOPMENT_ASSET_PATHS = "\"swiftui_fund/Preview Content\"";
				ENABLE_PREVIEWS = YES;
				GENERATE_INFOPLIST_FILE = YES;
				INFOPLIST_KEY_UIApplicationSceneManifest_Generation = YES;
				INFOPLIST_KEY_UIApplicationSupportsIndirectInputEvents = YES;
				INFOPLIST_KEY_UILaunchScreen_Generation = YES;
				INFOPLIST_KEY_UISupportedInterfaceOrientations_iPad = "UIInterfaceOrientationPortrait UIInterfaceOrientationPortraitUpsideDown UIInterfaceOrientationLandscapeLeft UIInterfaceOrientationLandscapeRight";
				INFOPLIST_KEY_UISupportedInterfaceOrientations_iPhone = "UIInterfaceOrientationPortrait UIInterfaceOrientationLandscapeLeft UIInterfaceOrientationLandscapeRight";
				LD_RUNPATH_SEARCH_PATHS = (
					"$(inherited)",
					"@executable_path/Frameworks",
				);
				MARKETING_VERSION = 1.0;
				PRODUCT_BUNDLE_IDENTIFIER = "com.aboelnasrmo.swiftui-fund";
				PRODUCT_NAME = "$(TARGET_NAME)";
				SWIFT_EMIT_LOC_STRINGS = YES;
				SWIFT_VERSION = 5.0;
				TARGETED_DEVICE_FAMILY = "1,2";
			};
			name = Debug;
		};
		20A2FCF92B3600D3007ACA87 /* Release */ = {
			isa = XCBuildConfiguration;
			buildSettings = {
				ASSETCATALOG_COMPILER_APPICON_NAME = AppIcon;
				ASSETCATALOG_COMPILER_GLOBAL_ACCENT_COLOR_NAME = AccentColor;
				CODE_SIGN_STYLE = Automatic;
				CURRENT_PROJECT_VERSION = 1;
				DEVELOPMENT_ASSET_PATHS = "\"swiftui_fund/Preview Content\"";
				ENABLE_PREVIEWS = YES;
				GENERATE_INFOPLIST_FILE = YES;
				INFOPLIST_KEY_UIApplicationSceneManifest_Generation = YES;
				INFOPLIST_KEY_UIApplicationSupportsIndirectInputEvents = YES;
				INFOPLIST_KEY_UILaunchScreen_Generation = YES;
				INFOPLIST_KEY_UISupportedInterfaceOrientations_iPad = "UIInterfaceOrientationPortrait UIInterfaceOrientationPortraitUpsideDown UIInterfaceOrientationLandscapeLeft UIInterfaceOrientationLandscapeRight";
				INFOPLIST_KEY_UISupportedInterfaceOrientations_iPhone = "UIInterfaceOrientationPortrait UIInterfaceOrientationLandscapeLeft UIInterfaceOrientationLandscapeRight";
				LD_RUNPATH_SEARCH_PATHS = (
					"$(inherited)",
					"@executable_path/Frameworks",
				);
				MARKETING_VERSION = 1.0;
				PRODUCT_BUNDLE_IDENTIFIER = "com.aboelnasrmo.swiftui-fund";
				PRODUCT_NAME = "$(TARGET_NAME)";
				SWIFT_EMIT_LOC_STRINGS = YES;
				SWIFT_VERSION = 5.0;
				TARGETED_DEVICE_FAMILY = "1,2";
			};
			name = Release;
		};
/* End XCBuildConfiguration section */

/* Begin XCConfigurationList section */
		20A2FCE42B3600D2007ACA87 /* Build configuration list for PBXProject "swiftui_fund" */ = {
			isa = XCConfigurationList;
			buildConfigurations = (
				20A2FCF52B3600D3007ACA87 /* Debug */,
				20A2FCF62B3600D3007ACA87 /* Release */,
			);
			defaultConfigurationIsVisible = 0;
			defaultConfigurationName = Release;
		};
		20A2FCF72B3600D3007ACA87 /* Build configuration list for PBXNativeTarget "swiftui_fund" */ = {
			isa = XCConfigurationList;
			buildConfigurations = (
				20A2FCF82B3600D3007ACA87 /* Debug */,
				20A2FCF92B3600D3007ACA87 /* Release */,
			);
			defaultConfigurationIsVisible = 0;
			defaultConfigurationName = Release;
		};
/* End XCConfigurationList section */
	};
	rootObject = 20A2FCE12B3600D2007ACA87 /* Project object */;
}
